
Microsoft Visual Studio Solution File, Format Version 12.00
# Visual Studio Version 17
VisualStudioVersion = 17.5.002.0
MinimumVisualStudioVersion = 10.0.40219.1
Project("{FAE04EC0-301F-11D3-BF4B-00C04F79EFBC}") = "ConsoleDemo", "ConsoleDemo\ConsoleDemo.csproj", "{BDDE93E7-C08D-4566-B397-FB5DF50EFA08}"
EndProject
Global
	GlobalSection(SolutionProperties) = preSolution
		HideSolutionNode = FALSE
	EndGlobalSection
	GlobalSection(ExtensibilityGlobals) = postSolution
		SolutionGuid = {52E6FBBF-1A58-49C3-B7D7-D0A4DACFAF95}
	EndGlobalSection
	GlobalSection(SolutionConfigurationPlatforms) = preSolution
		Debug|Any CPU = Debug|Any CPU
		Debug|x64 = Debug|x64
		Debug|x86 = Debug|x86
		Release|Any CPU = Release|Any CPU
		Release|x64 = Release|x64
		Release|x86 = Release|x86
	EndGlobalSection
	GlobalSection(ProjectConfigurationPlatforms) = postSolution
		{BDDE93E7-C08D-4566-B397-FB5DF50EFA08}.Debug|Any CPU.ActiveCfg = Debug|Any CPU
		{BDDE93E7-C08D-4566-B397-FB5DF50EFA08}.Debug|Any CPU.Build.0 = Debug|Any CPU
		{BDDE93E7-C08D-4566-B397-FB5DF50EFA08}.Debug|x64.ActiveCfg = Debug|Any CPU
		{BDDE93E7-C08D-4566-B397-FB5DF50EFA08}.Debug|x64.Build.0 = Debug|Any CPU
		{BDDE93E7-C08D-4566-B397-FB5DF50EFA08}.Debug|x86.ActiveCfg = Debug|Any CPU
		{BDDE93E7-C08D-4566-B397-FB5DF50EFA08}.Debug|x86.Build.0 = Debug|Any CPU
		{BDDE93E7-C08D-4566-B397-FB5DF50EFA08}.Release|Any CPU.ActiveCfg = Release|Any CPU
		{BDDE93E7-C08D-4566-B397-FB5DF50EFA08}.Release|Any CPU.Build.0 = Release|Any CPU
		{BDDE93E7-C08D-4566-B397-FB5DF50EFA08}.Release|x64.ActiveCfg = Release|Any CPU
		{BDDE93E7-C08D-4566-B397-FB5DF50EFA08}.Release|x64.Build.0 = Release|Any CPU
		{BDDE93E7-C08D-4566-B397-FB5DF50EFA08}.Release|x86.ActiveCfg = Release|Any CPU
		{BDDE93E7-C08D-4566-B397-FB5DF50EFA08}.Release|x86.Build.0 = Release|Any CPU
	EndGlobalSection
EndGlobal
